// !$*UTF8*$!
{
	archiveVersion = 1;
	classes = {
	};
	objectVersion = 56;
	objects = {

/* Begin PBXBuildFile section */
		5BD4BE002AE7D3F5005F6A17 /* CustomBottomNavigationBarApp.swift in Sources */ = {isa = PBXBuildFile; fileRef = 5BD4BDFF2AE7D3F5005F6A17 /* CustomBottomNavigationBarApp.swift */; };
		5BD4BE022AE7D3F5005F6A17 /* ContentView.swift in Sources */ = {isa = PBXBuildFile; fileRef = 5BD4BE012AE7D3F5005F6A17 /* ContentView.swift */; };
		5BD4BE042AE7D3F7005F6A17 /* Assets.xcassets in Resources */ = {isa = PBXBuildFile; fileRef = 5BD4BE032AE7D3F7005F6A17 /* Assets.xcassets */; };
		5BD4BE072AE7D3F7005F6A17 /* Preview Assets.xcassets in Resources */ = {isa = PBXBuildFile; fileRef = 5BD4BE062AE7D3F7005F6A17 /* Preview Assets.xcassets */; };
		5BD4BE112AE7D3F8005F6A17 /* CustomBottomNavigationBarTests.swift in Sources */ = {isa = PBXBuildFile; fileRef = 5BD4BE102AE7D3F8005F6A17 /* CustomBottomNavigationBarTests.swift */; };
		5BD4BE1B2AE7D3F8005F6A17 /* CustomBottomNavigationBarUITests.swift in Sources */ = {isa = PBXBuildFile; fileRef = 5BD4BE1A2AE7D3F8005F6A17 /* CustomBottomNavigationBarUITests.swift */; };
		5BD4BE1D2AE7D3F8005F6A17 /* CustomBottomNavigationBarUITestsLaunchTests.swift in Sources */ = {isa = PBXBuildFile; fileRef = 5BD4BE1C2AE7D3F8005F6A17 /* CustomBottomNavigationBarUITestsLaunchTests.swift */; };
		5BD4BE2D2AE7D470005F6A17 /* CustomTabBar.swift in Sources */ = {isa = PBXBuildFile; fileRef = 5BD4BE2C2AE7D470005F6A17 /* CustomTabBar.swift */; };
/* End PBXBuildFile section */

/* Begin PBXContainerItemProxy section */
		5BD4BE0D2AE7D3F8005F6A17 /* PBXContainerItemProxy */ = {
			isa = PBXContainerItemProxy;
			containerPortal = 5BD4BDF42AE7D3F5005F6A17 /* Project object */;
			proxyType = 1;
			remoteGlobalIDString = 5BD4BDFB2AE7D3F5005F6A17;
			remoteInfo = CustomBottomNavigationBar;
		};
		5BD4BE172AE7D3F8005F6A17 /* PBXContainerItemProxy */ = {
			isa = PBXContainerItemProxy;
			containerPortal = 5BD4BDF42AE7D3F5005F6A17 /* Project object */;
			proxyType = 1;
			remoteGlobalIDString = 5BD4BDFB2AE7D3F5005F6A17;
			remoteInfo = CustomBottomNavigationBar;
		};
/* End PBXContainerItemProxy section */

/* Begin PBXFileReference section */
		5BD4BDFC2AE7D3F5005F6A17 /* CustomBottomNavigationBar.app */ = {isa = PBXFileReference; explicitFileType = wrapper.application; includeInIndex = 0; path = CustomBottomNavigationBar.app; sourceTree = BUILT_PRODUCTS_DIR; };
		5BD4BDFF2AE7D3F5005F6A17 /* CustomBottomNavigationBarApp.swift */ = {isa = PBXFileReference; lastKnownFileType = sourcecode.swift; path = CustomBottomNavigationBarApp.swift; sourceTree = "<group>"; };
		5BD4BE012AE7D3F5005F6A17 /* ContentView.swift */ = {isa = PBXFileReference; lastKnownFileType = sourcecode.swift; path = ContentView.swift; sourceTree = "<group>"; };
		5BD4BE032AE7D3F7005F6A17 /* Assets.xcassets */ = {isa = PBXFileReference; lastKnownFileType = folder.assetcatalog; path = Assets.xcassets; sourceTree = "<group>"; };
		5BD4BE062AE7D3F7005F6A17 /* Preview Assets.xcassets */ = {isa = PBXFileReference; lastKnownFileType = folder.assetcatalog; path = "Preview Assets.xcassets"; sourceTree = "<group>"; };
		5BD4BE0C2AE7D3F8005F6A17 /* CustomBottomNavigationBarTests.xctest */ = {isa = PBXFileReference; explicitFileType = wrapper.cfbundle; includeInIndex = 0; path = CustomBottomNavigationBarTests.xctest; sourceTree = BUILT_PRODUCTS_DIR; };
		5BD4BE102AE7D3F8005F6A17 /* CustomBottomNavigationBarTests.swift */ = {isa = PBXFileReference; lastKnownFileType = sourcecode.swift; path = CustomBottomNavigationBarTests.swift; sourceTree = "<group>"; };
		5BD4BE162AE7D3F8005F6A17 /* CustomBottomNavigationBarUITests.xctest */ = {isa = PBXFileReference; explicitFileType = wrapper.cfbundle; includeInIndex = 0; path = CustomBottomNavigationBarUITests.xctest; sourceTree = BUILT_PRODUCTS_DIR; };
		5BD4BE1A2AE7D3F8005F6A17 /* CustomBottomNavigationBarUITests.swift */ = {isa = PBXFileReference; lastKnownFileType = sourcecode.swift; path = CustomBottomNavigationBarUITests.swift; sourceTree = "<group>"; };
		5BD4BE1C2AE7D3F8005F6A17 /* CustomBottomNavigationBarUITestsLaunchTests.swift */ = {isa = PBXFileReference; lastKnownFileType = sourcecode.swift; path = CustomBottomNavigationBarUITestsLaunchTests.swift; sourceTree = "<group>"; };
		5BD4BE2C2AE7D470005F6A17 /* CustomTabBar.swift */ = {isa = PBXFileReference; lastKnownFileType = sourcecode.swift; path = CustomTabBar.swift; sourceTree = "<group>"; };
/* End PBXFileReference section */

/* Begin PBXFrameworksBuildPhase section */
		5BD4BDF92AE7D3F5005F6A17 /* Frameworks */ = {
			isa = PBXFrameworksBuildPhase;
			buildActionMask = 2147483647;
			files = (
			);
			runOnlyForDeploymentPostprocessing = 0;
		};
		5BD4BE092AE7D3F8005F6A17 /* Frameworks */ = {
			isa = PBXFrameworksBuildPhase;
			buildActionMask = 2147483647;
			files = (
			);
			runOnlyForDeploymentPostprocessing = 0;
		};
		5BD4BE132AE7D3F8005F6A17 /* Frameworks */ = {
			isa = PBXFrameworksBuildPhase;
			buildActionMask = 2147483647;
			files = (
			);
			runOnlyForDeploymentPostprocessing = 0;
		};
/* End PBXFrameworksBuildPhase section */

/* Begin PBXGroup section */
		5BD4BDF32AE7D3F5005F6A17 = {
			isa = PBXGroup;
			children = (
				5BD4BDFE2AE7D3F5005F6A17 /* CustomBottomNavigationBar */,
				5BD4BE0F2AE7D3F8005F6A17 /* CustomBottomNavigationBarTests */,
				5BD4BE192AE7D3F8005F6A17 /* CustomBottomNavigationBarUITests */,
				5BD4BDFD2AE7D3F5005F6A17 /* Products */,
			);
			sourceTree = "<group>";
		};
		5BD4BDFD2AE7D3F5005F6A17 /* Products */ = {
			isa = PBXGroup;
			children = (
				5BD4BDFC2AE7D3F5005F6A17 /* CustomBottomNavigationBar.app */,
				5BD4BE0C2AE7D3F8005F6A17 /* CustomBottomNavigationBarTests.xctest */,
				5BD4BE162AE7D3F8005F6A17 /* CustomBottomNavigationBarUITests.xctest */,
			);
			name = Products;
			sourceTree = "<group>";
		};
		5BD4BDFE2AE7D3F5005F6A17 /* CustomBottomNavigationBar */ = {
			isa = PBXGroup;
			children = (
				5BD4BE2A2AE7D402005F6A17 /* Resources */,
				5BD4BE292AE7D3FC005F6A17 /* AppFlow */,
				5BD4BE052AE7D3F7005F6A17 /* Preview Content */,
			);
			path = CustomBottomNavigationBar;
			sourceTree = "<group>";
		};
		5BD4BE052AE7D3F7005F6A17 /* Preview Content */ = {
			isa = PBXGroup;
			children = (
				5BD4BE062AE7D3F7005F6A17 /* Preview Assets.xcassets */,
			);
			path = "Preview Content";
			sourceTree = "<group>";
		};
		5BD4BE0F2AE7D3F8005F6A17 /* CustomBottomNavigationBarTests */ = {
			isa = PBXGroup;
			children = (
				5BD4BE102AE7D3F8005F6A17 /* CustomBottomNavigationBarTests.swift */,
			);
			path = CustomBottomNavigationBarTests;
			sourceTree = "<group>";
		};
		5BD4BE192AE7D3F8005F6A17 /* CustomBottomNavigationBarUITests */ = {
			isa = PBXGroup;
			children = (
				5BD4BE1A2AE7D3F8005F6A17 /* CustomBottomNavigationBarUITests.swift */,
				5BD4BE1C2AE7D3F8005F6A17 /* CustomBottomNavigationBarUITestsLaunchTests.swift */,
			);
			path = CustomBottomNavigationBarUITests;
			sourceTree = "<group>";
		};
		5BD4BE292AE7D3FC005F6A17 /* AppFlow */ = {
			isa = PBXGroup;
			children = (
				5BD4BE2B2AE7D447005F6A17 /* CustomTabBar */,
				5BD4BDFF2AE7D3F5005F6A17 /* CustomBottomNavigationBarApp.swift */,
				5BD4BE012AE7D3F5005F6A17 /* ContentView.swift */,
			);
			path = AppFlow;
			sourceTree = "<group>";
		};
		5BD4BE2A2AE7D402005F6A17 /* Resources */ = {
			isa = PBXGroup;
			children = (
				5BD4BE032AE7D3F7005F6A17 /* Assets.xcassets */,
			);
			path = Resources;
			sourceTree = "<group>";
		};
		5BD4BE2B2AE7D447005F6A17 /* CustomTabBar */ = {
			isa = PBXGroup;
			children = (
				5BD4BE2C2AE7D470005F6A17 /* CustomTabBar.swift */,
			);
			path = CustomTabBar;
			sourceTree = "<group>";
		};
/* End PBXGroup section */

/* Begin PBXNativeTarget section */
		5BD4BDFB2AE7D3F5005F6A17 /* CustomBottomNavigationBar */ = {
			isa = PBXNativeTarget;
			buildConfigurationList = 5BD4BE202AE7D3F8005F6A17 /* Build configuration list for PBXNativeTarget "CustomBottomNavigationBar" */;
			buildPhases = (
				5BD4BDF82AE7D3F5005F6A17 /* Sources */,
				5BD4BDF92AE7D3F5005F6A17 /* Frameworks */,
				5BD4BDFA2AE7D3F5005F6A17 /* Resources */,
			);
			buildRules = (
			);
			dependencies = (
			);
			name = CustomBottomNavigationBar;
			productName = CustomBottomNavigationBar;
			productReference = 5BD4BDFC2AE7D3F5005F6A17 /* CustomBottomNavigationBar.app */;
			productType = "com.apple.product-type.application";
		};
		5BD4BE0B2AE7D3F8005F6A17 /* CustomBottomNavigationBarTests */ = {
			isa = PBXNativeTarget;
			buildConfigurationList = 5BD4BE232AE7D3F8005F6A17 /* Build configuration list for PBXNativeTarget "CustomBottomNavigationBarTests" */;
			buildPhases = (
				5BD4BE082AE7D3F8005F6A17 /* Sources */,
				5BD4BE092AE7D3F8005F6A17 /* Frameworks */,
				5BD4BE0A2AE7D3F8005F6A17 /* Resources */,
			);
			buildRules = (
			);
			dependencies = (
				5BD4BE0E2AE7D3F8005F6A17 /* PBXTargetDependency */,
			);
			name = CustomBottomNavigationBarTests;
			productName = CustomBottomNavigationBarTests;
			productReference = 5BD4BE0C2AE7D3F8005F6A17 /* CustomBottomNavigationBarTests.xctest */;
			productType = "com.apple.product-type.bundle.unit-test";
		};
		5BD4BE152AE7D3F8005F6A17 /* CustomBottomNavigationBarUITests */ = {
			isa = PBXNativeTarget;
			buildConfigurationList = 5BD4BE262AE7D3F8005F6A17 /* Build configuration list for PBXNativeTarget "CustomBottomNavigationBarUITests" */;
			buildPhases = (
				5BD4BE122AE7D3F8005F6A17 /* Sources */,
				5BD4BE132AE7D3F8005F6A17 /* Frameworks */,
				5BD4BE142AE7D3F8005F6A17 /* Resources */,
			);
			buildRules = (
			);
			dependencies = (
				5BD4BE182AE7D3F8005F6A17 /* PBXTargetDependency */,
			);
			name = CustomBottomNavigationBarUITests;
			productName = CustomBottomNavigationBarUITests;
			productReference = 5BD4BE162AE7D3F8005F6A17 /* CustomBottomNavigationBarUITests.xctest */;
			productType = "com.apple.product-type.bundle.ui-testing";
		};
/* End PBXNativeTarget section */

/* Begin PBXProject section */
		5BD4BDF42AE7D3F5005F6A17 /* Project object */ = {
			isa = PBXProject;
			attributes = {
				BuildIndependentTargetsInParallel = 1;
				LastSwiftUpdateCheck = 1500;
				LastUpgradeCheck = 1500;
				TargetAttributes = {
					5BD4BDFB2AE7D3F5005F6A17 = {
						CreatedOnToolsVersion = 15.0;
					};
					5BD4BE0B2AE7D3F8005F6A17 = {
						CreatedOnToolsVersion = 15.0;
						TestTargetID = 5BD4BDFB2AE7D3F5005F6A17;
					};
					5BD4BE152AE7D3F8005F6A17 = {
						CreatedOnToolsVersion = 15.0;
						TestTargetID = 5BD4BDFB2AE7D3F5005F6A17;
					};
				};
			};
			buildConfigurationList = 5BD4BDF72AE7D3F5005F6A17 /* Build configuration list for PBXProject "CustomBottomNavigationBar" */;
			compatibilityVersion = "Xcode 14.0";
			developmentRegion = en;
			hasScannedForEncodings = 0;
			knownRegions = (
				en,
				Base,
			);
			mainGroup = 5BD4BDF32AE7D3F5005F6A17;
			productRefGroup = 5BD4BDFD2AE7D3F5005F6A17 /* Products */;
			projectDirPath = "";
			projectRoot = "";
			targets = (
				5BD4BDFB2AE7D3F5005F6A17 /* CustomBottomNavigationBar */,
				5BD4BE0B2AE7D3F8005F6A17 /* CustomBottomNavigationBarTests */,
				5BD4BE152AE7D3F8005F6A17 /* CustomBottomNavigationBarUITests */,
			);
		};
/* End PBXProject section */

/* Begin PBXResourcesBuildPhase section */
		5BD4BDFA2AE7D3F5005F6A17 /* Resources */ = {
			isa = PBXResourcesBuildPhase;
			buildActionMask = 2147483647;
			files = (
				5BD4BE072AE7D3F7005F6A17 /* Preview Assets.xcassets in Resources */,
				5BD4BE042AE7D3F7005F6A17 /* Assets.xcassets in Resources */,
			);
			runOnlyForDeploymentPostprocessing = 0;
		};
		5BD4BE0A2AE7D3F8005F6A17 /* Resources */ = {
			isa = PBXResourcesBuildPhase;
			buildActionMask = 2147483647;
			files = (
			);
			runOnlyForDeploymentPostprocessing = 0;
		};
		5BD4BE142AE7D3F8005F6A17 /* Resources */ = {
			isa = PBXResourcesBuildPhase;
			buildActionMask = 2147483647;
			files = (
			);
			runOnlyForDeploymentPostprocessing = 0;
		};
/* End PBXResourcesBuildPhase section */

/* Begin PBXSourcesBuildPhase section */
		5BD4BDF82AE7D3F5005F6A17 /* Sources */ = {
			isa = PBXSourcesBuildPhase;
			buildActionMask = 2147483647;
			files = (
				5BD4BE022AE7D3F5005F6A17 /* ContentView.swift in Sources */,
				5BD4BE2D2AE7D470005F6A17 /* CustomTabBar.swift in Sources */,
				5BD4BE002AE7D3F5005F6A17 /* CustomBottomNavigationBarApp.swift in Sources */,
			);
			runOnlyForDeploymentPostprocessing = 0;
		};
		5BD4BE082AE7D3F8005F6A17 /* Sources */ = {
			isa = PBXSourcesBuildPhase;
			buildActionMask = 2147483647;
			files = (
				5BD4BE112AE7D3F8005F6A17 /* CustomBottomNavigationBarTests.swift in Sources */,
			);
			runOnlyForDeploymentPostprocessing = 0;
		};
		5BD4BE122AE7D3F8005F6A17 /* Sources */ = {
			isa = PBXSourcesBuildPhase;
			buildActionMask = 2147483647;
			files = (
				5BD4BE1D2AE7D3F8005F6A17 /* CustomBottomNavigationBarUITestsLaunchTests.swift in Sources */,
				5BD4BE1B2AE7D3F8005F6A17 /* CustomBottomNavigationBarUITests.swift in Sources */,
			);
			runOnlyForDeploymentPostprocessing = 0;
		};
/* End PBXSourcesBuildPhase section */

/* Begin PBXTargetDependency section */
		5BD4BE0E2AE7D3F8005F6A17 /* PBXTargetDependency */ = {
			isa = PBXTargetDependency;
			target = 5BD4BDFB2AE7D3F5005F6A17 /* CustomBottomNavigationBar */;
			targetProxy = 5BD4BE0D2AE7D3F8005F6A17 /* PBXContainerItemProxy */;
		};
		5BD4BE182AE7D3F8005F6A17 /* PBXTargetDependency */ = {
			isa = PBXTargetDependency;
			target = 5BD4BDFB2AE7D3F5005F6A17 /* CustomBottomNavigationBar */;
			targetProxy = 5BD4BE172AE7D3F8005F6A17 /* PBXContainerItemProxy */;
		};
/* End PBXTargetDependency section */

/* Begin XCBuildConfiguration section */
		5BD4BE1E2AE7D3F8005F6A17 /* Debug */ = {
			isa = XCBuildConfiguration;
			buildSettings = {
				ALWAYS_SEARCH_USER_PATHS = NO;
				ASSETCATALOG_COMPILER_GENERATE_SWIFT_ASSET_SYMBOL_EXTENSIONS = YES;
				CLANG_ANALYZER_NONNULL = YES;
				CLANG_ANALYZER_NUMBER_OBJECT_CONVERSION = YES_AGGRESSIVE;
				CLANG_CXX_LANGUAGE_STANDARD = "gnu++20";
				CLANG_ENABLE_MODULES = YES;
				CLANG_ENABLE_OBJC_ARC = YES;
				CLANG_ENABLE_OBJC_WEAK = YES;
				CLANG_WARN_BLOCK_CAPTURE_AUTORELEASING = YES;
				CLANG_WARN_BOOL_CONVERSION = YES;
				CLANG_WARN_COMMA = YES;
				CLANG_WARN_CONSTANT_CONVERSION = YES;
				CLANG_WARN_DEPRECATED_OBJC_IMPLEMENTATIONS = YES;
				CLANG_WARN_DIRECT_OBJC_ISA_USAGE = YES_ERROR;
				CLANG_WARN_DOCUMENTATION_COMMENTS = YES;
				CLANG_WARN_EMPTY_BODY = YES;
				CLANG_WARN_ENUM_CONVERSION = YES;
				CLANG_WARN_INFINITE_RECURSION = YES;
				CLANG_WARN_INT_CONVERSION = YES;
				CLANG_WARN_NON_LITERAL_NULL_CONVERSION = YES;
				CLANG_WARN_OBJC_IMPLICIT_RETAIN_SELF = YES;
				CLANG_WARN_OBJC_LITERAL_CONVERSION = YES;
				CLANG_WARN_OBJC_ROOT_CLASS = YES_ERROR;
				CLANG_WARN_QUOTED_INCLUDE_IN_FRAMEWORK_HEADER = YES;
				CLANG_WARN_RANGE_LOOP_ANALYSIS = YES;
				CLANG_WARN_STRICT_PROTOTYPES = YES;
				CLANG_WARN_SUSPICIOUS_MOVE = YES;
				CLANG_WARN_UNGUARDED_AVAILABILITY = YES_AGGRESSIVE;
				CLANG_WARN_UNREACHABLE_CODE = YES;
				CLANG_WARN__DUPLICATE_METHOD_MATCH = YES;
				COPY_PHASE_STRIP = NO;
				DEBUG_INFORMATION_FORMAT = dwarf;
				ENABLE_STRICT_OBJC_MSGSEND = YES;
				ENABLE_TESTABILITY = YES;
				ENABLE_USER_SCRIPT_SANDBOXING = YES;
				GCC_C_LANGUAGE_STANDARD = gnu17;
				GCC_DYNAMIC_NO_PIC = NO;
				GCC_NO_COMMON_BLOCKS = YES;
				GCC_OPTIMIZATION_LEVEL = 0;
				GCC_PREPROCESSOR_DEFINITIONS = (
					"DEBUG=1",
					"$(inherited)",
				);
				GCC_WARN_64_TO_32_BIT_CONVERSION = YES;
				GCC_WARN_ABOUT_RETURN_TYPE = YES_ERROR;
				GCC_WARN_UNDECLARED_SELECTOR = YES;
				GCC_WARN_UNINITIALIZED_AUTOS = YES_AGGRESSIVE;
				GCC_WARN_UNUSED_FUNCTION = YES;
				GCC_WARN_UNUSED_VARIABLE = YES;
				IPHONEOS_DEPLOYMENT_TARGET = 17.0;
				LOCALIZATION_PREFERS_STRING_CATALOGS = YES;
				MTL_ENABLE_DEBUG_INFO = INCLUDE_SOURCE;
				MTL_FAST_MATH = YES;
				ONLY_ACTIVE_ARCH = YES;
				SDKROOT = iphoneos;
				SWIFT_ACTIVE_COMPILATION_CONDITIONS = "DEBUG $(inherited)";
				SWIFT_OPTIMIZATION_LEVEL = "-Onone";
			};
			name = Debug;
		};
		5BD4BE1F2AE7D3F8005F6A17 /* Release */ = {
			isa = XCBuildConfiguration;
			buildSettings = {
				ALWAYS_SEARCH_USER_PATHS = NO;
				ASSETCATALOG_COMPILER_GENERATE_SWIFT_ASSET_SYMBOL_EXTENSIONS = YES;
				CLANG_ANALYZER_NONNULL = YES;
				CLANG_ANALYZER_NUMBER_OBJECT_CONVERSION = YES_AGGRESSIVE;
				CLANG_CXX_LANGUAGE_STANDARD = "gnu++20";
				CLANG_ENABLE_MODULES = YES;
				CLANG_ENABLE_OBJC_ARC = YES;
				CLANG_ENABLE_OBJC_WEAK = YES;
				CLANG_WARN_BLOCK_CAPTURE_AUTORELEASING = YES;
				CLANG_WARN_BOOL_CONVERSION = YES;
				CLANG_WARN_COMMA = YES;
				CLANG_WARN_CONSTANT_CONVERSION = YES;
				CLANG_WARN_DEPRECATED_OBJC_IMPLEMENTATIONS = YES;
				CLANG_WARN_DIRECT_OBJC_ISA_USAGE = YES_ERROR;
				CLANG_WARN_DOCUMENTATION_COMMENTS = YES;
				CLANG_WARN_EMPTY_BODY = YES;
				CLANG_WARN_ENUM_CONVERSION = YES;
				CLANG_WARN_INFINITE_RECURSION = YES;
				CLANG_WARN_INT_CONVERSION = YES;
				CLANG_WARN_NON_LITERAL_NULL_CONVERSION = YES;
				CLANG_WARN_OBJC_IMPLICIT_RETAIN_SELF = YES;
				CLANG_WARN_OBJC_LITERAL_CONVERSION = YES;
				CLANG_WARN_OBJC_ROOT_CLASS = YES_ERROR;
				CLANG_WARN_QUOTED_INCLUDE_IN_FRAMEWORK_HEADER = YES;
				CLANG_WARN_RANGE_LOOP_ANALYSIS = YES;
				CLANG_WARN_STRICT_PROTOTYPES = YES;
				CLANG_WARN_SUSPICIOUS_MOVE = YES;
				CLANG_WARN_UNGUARDED_AVAILABILITY = YES_AGGRESSIVE;
				CLANG_WARN_UNREACHABLE_CODE = YES;
				CLANG_WARN__DUPLICATE_METHOD_MATCH = YES;
				COPY_PHASE_STRIP = NO;
				DEBUG_INFORMATION_FORMAT = "dwarf-with-dsym";
				ENABLE_NS_ASSERTIONS = NO;
				ENABLE_STRICT_OBJC_MSGSEND = YES;
				ENABLE_USER_SCRIPT_SANDBOXING = YES;
				GCC_C_LANGUAGE_STANDARD = gnu17;
				GCC_NO_COMMON_BLOCKS = YES;
				GCC_WARN_64_TO_32_BIT_CONVERSION = YES;
				GCC_WARN_ABOUT_RETURN_TYPE = YES_ERROR;
				GCC_WARN_UNDECLARED_SELECTOR = YES;
				GCC_WARN_UNINITIALIZED_AUTOS = YES_AGGRESSIVE;
				GCC_WARN_UNUSED_FUNCTION = YES;
				GCC_WARN_UNUSED_VARIABLE = YES;
				IPHONEOS_DEPLOYMENT_TARGET = 17.0;
				LOCALIZATION_PREFERS_STRING_CATALOGS = YES;
				MTL_ENABLE_DEBUG_INFO = NO;
				MTL_FAST_MATH = YES;
				SDKROOT = iphoneos;
				SWIFT_COMPILATION_MODE = wholemodule;
				VALIDATE_PRODUCT = YES;
			};
			name = Release;
		};
		5BD4BE212AE7D3F8005F6A17 /* Debug */ = {
			isa = XCBuildConfiguration;
			buildSettings = {
				ASSETCATALOG_COMPILER_APPICON_NAME = AppIcon;
				ASSETCATALOG_COMPILER_GLOBAL_ACCENT_COLOR_NAME = AccentColor;
				CODE_SIGN_STYLE = Automatic;
				CURRENT_PROJECT_VERSION = 1;
				DEVELOPMENT_ASSET_PATHS = "\"CustomBottomNavigationBar/Preview Content\"";
				DEVELOPMENT_TEAM = 4P7ZDS5CXH;
				ENABLE_PREVIEWS = YES;
				GENERATE_INFOPLIST_FILE = YES;
				INFOPLIST_KEY_UIApplicationSceneManifest_Generation = YES;
				INFOPLIST_KEY_UIApplicationSupportsIndirectInputEvents = YES;
				INFOPLIST_KEY_UILaunchScreen_Generation = YES;
				INFOPLIST_KEY_UISupportedInterfaceOrientations_iPad = "UIInterfaceOrientationPortrait UIInterfaceOrientationPortraitUpsideDown UIInterfaceOrientationLandscapeLeft UIInterfaceOrientationLandscapeRight";
				INFOPLIST_KEY_UISupportedInterfaceOrientations_iPhone = "UIInterfaceOrientationPortrait UIInterfaceOrientationLandscapeLeft UIInterfaceOrientationLandscapeRight";
				LD_RUNPATH_SEARCH_PATHS = (
					"$(inherited)",
					"@executable_path/Frameworks",
				);
				MARKETING_VERSION = 1.0;
				PRODUCT_BUNDLE_IDENTIFIER = com.Salem.com.CustomBottomNavigationBar;
				PRODUCT_NAME = "$(TARGET_NAME)";
				SWIFT_EMIT_LOC_STRINGS = YES;
				SWIFT_VERSION = 5.0;
				TARGETED_DEVICE_FAMILY = "1,2";
			};
			name = Debug;
		};
		5BD4BE222AE7D3F8005F6A17 /* Release */ = {
			isa = XCBuildConfiguration;
			buildSettings = {
				ASSETCATALOG_COMPILER_APPICON_NAME = AppIcon;
				ASSETCATALOG_COMPILER_GLOBAL_ACCENT_COLOR_NAME = AccentColor;
				CODE_SIGN_STYLE = Automatic;
				CURRENT_PROJECT_VERSION = 1;
				DEVELOPMENT_ASSET_PATHS = "\"CustomBottomNavigationBar/Preview Content\"";
				DEVELOPMENT_TEAM = 4P7ZDS5CXH;
				ENABLE_PREVIEWS = YES;
				GENERATE_INFOPLIST_FILE = YES;
				INFOPLIST_KEY_UIApplicationSceneManifest_Generation = YES;
				INFOPLIST_KEY_UIApplicationSupportsIndirectInputEvents = YES;
				INFOPLIST_KEY_UILaunchScreen_Generation = YES;
				INFOPLIST_KEY_UISupportedInterfaceOrientations_iPad = "UIInterfaceOrientationPortrait UIInterfaceOrientationPortraitUpsideDown UIInterfaceOrientationLandscapeLeft UIInterfaceOrientationLandscapeRight";
				INFOPLIST_KEY_UISupportedInterfaceOrientations_iPhone = "UIInterfaceOrientationPortrait UIInterfaceOrientationLandscapeLeft UIInterfaceOrientationLandscapeRight";
				LD_RUNPATH_SEARCH_PATHS = (
					"$(inherited)",
					"@executable_path/Frameworks",
				);
				MARKETING_VERSION = 1.0;
				PRODUCT_BUNDLE_IDENTIFIER = com.Salem.com.CustomBottomNavigationBar;
				PRODUCT_NAME = "$(TARGET_NAME)";
				SWIFT_EMIT_LOC_STRINGS = YES;
				SWIFT_VERSION = 5.0;
				TARGETED_DEVICE_FAMILY = "1,2";
			};
			name = Release;
		};
		5BD4BE242AE7D3F8005F6A17 /* Debug */ = {
			isa = XCBuildConfiguration;
			buildSettings = {
				ALWAYS_EMBED_SWIFT_STANDARD_LIBRARIES = YES;
				BUNDLE_LOADER = "$(TEST_HOST)";
				CODE_SIGN_STYLE = Automatic;
				CURRENT_PROJECT_VERSION = 1;
				DEVELOPMENT_TEAM = 4P7ZDS5CXH;
				GENERATE_INFOPLIST_FILE = YES;
				IPHONEOS_DEPLOYMENT_TARGET = 17.0;
				MARKETING_VERSION = 1.0;
				PRODUCT_BUNDLE_IDENTIFIER = com.Salem.com.CustomBottomNavigationBarTests;
				PRODUCT_NAME = "$(TARGET_NAME)";
				SWIFT_EMIT_LOC_STRINGS = NO;
				SWIFT_VERSION = 5.0;
				TARGETED_DEVICE_FAMILY = "1,2";
				TEST_HOST = "$(BUILT_PRODUCTS_DIR)/CustomBottomNavigationBar.app/$(BUNDLE_EXECUTABLE_FOLDER_PATH)/CustomBottomNavigationBar";
			};
			name = Debug;
		};
		5BD4BE252AE7D3F8005F6A17 /* Release */ = {
			isa = XCBuildConfiguration;
			buildSettings = {
				ALWAYS_EMBED_SWIFT_STANDARD_LIBRARIES = YES;
				BUNDLE_LOADER = "$(TEST_HOST)";
				CODE_SIGN_STYLE = Automatic;
				CURRENT_PROJECT_VERSION = 1;
				DEVELOPMENT_TEAM = 4P7ZDS5CXH;
				GENERATE_INFOPLIST_FILE = YES;
				IPHONEOS_DEPLOYMENT_TARGET = 17.0;
				MARKETING_VERSION = 1.0;
				PRODUCT_BUNDLE_IDENTIFIER = com.Salem.com.CustomBottomNavigationBarTests;
				PRODUCT_NAME = "$(TARGET_NAME)";
				SWIFT_EMIT_LOC_STRINGS = NO;
				SWIFT_VERSION = 5.0;
				TARGETED_DEVICE_FAMILY = "1,2";
				TEST_HOST = "$(BUILT_PRODUCTS_DIR)/CustomBottomNavigationBar.app/$(BUNDLE_EXECUTABLE_FOLDER_PATH)/CustomBottomNavigationBar";
			};
			name = Release;
		};
		5BD4BE272AE7D3F8005F6A17 /* Debug */ = {
			isa = XCBuildConfiguration;
			buildSettings = {
				ALWAYS_EMBED_SWIFT_STANDARD_LIBRARIES = YES;
				CODE_SIGN_STYLE = Automatic;
				CURRENT_PROJECT_VERSION = 1;
				DEVELOPMENT_TEAM = 4P7ZDS5CXH;
				GENERATE_INFOPLIST_FILE = YES;
				MARKETING_VERSION = 1.0;
				PRODUCT_BUNDLE_IDENTIFIER = com.Salem.com.CustomBottomNavigationBarUITests;
				PRODUCT_NAME = "$(TARGET_NAME)";
				SWIFT_EMIT_LOC_STRINGS = NO;
				SWIFT_VERSION = 5.0;
				TARGETED_DEVICE_FAMILY = "1,2";
				TEST_TARGET_NAME = CustomBottomNavigationBar;
			};
			name = Debug;
		};
		5BD4BE282AE7D3F8005F6A17 /* Release */ = {
			isa = XCBuildConfiguration;
			buildSettings = {
				ALWAYS_EMBED_SWIFT_STANDARD_LIBRARIES = YES;
				CODE_SIGN_STYLE = Automatic;
				CURRENT_PROJECT_VERSION = 1;
				DEVELOPMENT_TEAM = 4P7ZDS5CXH;
				GENERATE_INFOPLIST_FILE = YES;
				MARKETING_VERSION = 1.0;
				PRODUCT_BUNDLE_IDENTIFIER = com.Salem.com.CustomBottomNavigationBarUITests;
				PRODUCT_NAME = "$(TARGET_NAME)";
				SWIFT_EMIT_LOC_STRINGS = NO;
				SWIFT_VERSION = 5.0;
				TARGETED_DEVICE_FAMILY = "1,2";
				TEST_TARGET_NAME = CustomBottomNavigationBar;
			};
			name = Release;
		};
/* End XCBuildConfiguration section */

/* Begin XCConfigurationList section */
		5BD4BDF72AE7D3F5005F6A17 /* Build configuration list for PBXProject "CustomBottomNavigationBar" */ = {
			isa = XCConfigurationList;
			buildConfigurations = (
				5BD4BE1E2AE7D3F8005F6A17 /* Debug */,
				5BD4BE1F2AE7D3F8005F6A17 /* Release */,
			);
			defaultConfigurationIsVisible = 0;
			defaultConfigurationName = Release;
		};
		5BD4BE202AE7D3F8005F6A17 /* Build configuration list for PBXNativeTarget "CustomBottomNavigationBar" */ = {
			isa = XCConfigurationList;
			buildConfigurations = (
				5BD4BE212AE7D3F8005F6A17 /* Debug */,
				5BD4BE222AE7D3F8005F6A17 /* Release */,
			);
			defaultConfigurationIsVisible = 0;
			defaultConfigurationName = Release;
		};
		5BD4BE232AE7D3F8005F6A17 /* Build configuration list for PBXNativeTarget "CustomBottomNavigationBarTests" */ = {
			isa = XCConfigurationList;
			buildConfigurations = (
				5BD4BE242AE7D3F8005F6A17 /* Debug */,
				5BD4BE252AE7D3F8005F6A17 /* Release */,
			);
			defaultConfigurationIsVisible = 0;
			defaultConfigurationName = Release;
		};
		5BD4BE262AE7D3F8005F6A17 /* Build configuration list for PBXNativeTarget "CustomBottomNavigationBarUITests" */ = {
			isa = XCConfigurationList;
			buildConfigurations = (
				5BD4BE272AE7D3F8005F6A17 /* Debug */,
				5BD4BE282AE7D3F8005F6A17 /* Release */,
			);
			defaultConfigurationIsVisible = 0;
			defaultConfigurationName = Release;
		};
/* End XCConfigurationList section */
	};
	rootObject = 5BD4BDF42AE7D3F5005F6A17 /* Project object */;
}
